
Microsoft Visual Studio Solution File, Format Version 12.00
# Visual Studio Version 16
VisualStudioVersion = 16.0.808.4
MinimumVisualStudioVersion = 10.0.40219.1
Project("{FAE04EC0-301F-11D3-BF4B-00C04F79EFBC}") = "MutalkLib", "MutalkLib\MutalkLib.csproj", "{03B76C55-0CF4-4940-BFFF-67BA86918938}"
EndProject
Project("{FAE04EC0-301F-11D3-BF4B-00C04F79EFBC}") = "MutalkConsole", "MutalkConsole\MutalkConsole.csproj", "{34FC6C95-9763-43F9-BF87-57E62712721D}"
EndProject
Project("{2150E333-8FDC-42A3-9474-1A3956D46DE8}") = "Solution Items", "Solution Items", "{FD4CE5C5-7E7A-4727-A7CB-3E0732D7EC61}"
	ProjectSection(SolutionItems) = preProject
		Makefile = Makefile
		README.md = README.md
	EndProjectSection
EndProject
Global
	GlobalSection(SolutionConfigurationPlatforms) = preSolution
		Debug|Any CPU = Debug|Any CPU
		Release|Any CPU = Release|Any CPU
	EndGlobalSection
	GlobalSection(ProjectConfigurationPlatforms) = postSolution
		{03B76C55-0CF4-4940-BFFF-67BA86918938}.Debug|Any CPU.ActiveCfg = Debug|Any CPU
		{03B76C55-0CF4-4940-BFFF-67BA86918938}.Debug|Any CPU.Build.0 = Debug|Any CPU
		{03B76C55-0CF4-4940-BFFF-67BA86918938}.Release|Any CPU.ActiveCfg = Release|Any CPU
		{03B76C55-0CF4-4940-BFFF-67BA86918938}.Release|Any CPU.Build.0 = Release|Any CPU
		{34FC6C95-9763-43F9-BF87-57E62712721D}.Debug|Any CPU.ActiveCfg = Debug|Any CPU
		{34FC6C95-9763-43F9-BF87-57E62712721D}.Debug|Any CPU.Build.0 = Debug|Any CPU
		{34FC6C95-9763-43F9-BF87-57E62712721D}.Release|Any CPU.ActiveCfg = Release|Any CPU
		{34FC6C95-9763-43F9-BF87-57E62712721D}.Release|Any CPU.Build.0 = Release|Any CPU
	EndGlobalSection
	GlobalSection(SolutionProperties) = preSolution
		HideSolutionNode = FALSE
	EndGlobalSection
	GlobalSection(ExtensibilityGlobals) = postSolution
		SolutionGuid = {55A96707-0AF4-4D22-B2F2-942291FEE1E1}
	EndGlobalSection
EndGlobal
